{
  "name": "Signa-et-Tempora-Clock",
  "lockfileVersion": 3,
  "requires": true,
  "packages": {
    "": {
      "name": "Signa-et-Tempora-Clock",
      "hasInstallScript": true,
      "dependencies": {
        "@photostructure/tz-lookup": "^11.6.0",
        "astronomy-engine": "^2.1.19"
      }
    },
    "node_modules/@photostructure/tz-lookup": {
      "version": "11.6.0",
      "resolved": "https://registry.npmjs.org/@photostructure/tz-lookup/-/tz-lookup-11.6.0.tgz",
      "integrity": "sha512-AHXaBp/bY9nd2pyGi7ldtzXYEZ3ARf7p4EG0XsizmmCxLYMbq+yITj7Z1etO29BiA3YW7aqrcrfToDcBD0grbA==",
      "license": "CC0-1.0"
    },
    "node_modules/astronomy-engine": {
      "version": "2.1.19",
      "resolved": "https://registry.npmjs.org/astronomy-engine/-/astronomy-engine-2.1.19.tgz",
      "integrity": "sha512-8yWKNf7UeNbH458h3sAJ6ZgAjE5jTXp/mNNRFoC20j2SHwZIjAQeEsBB2Q3uCFRaTCCJRv33K2XhkhZQMXoX6w=="
    }
  }
}
